// !$*UTF8*$!
{
	archiveVersion = 1;
	classes = {
	};
	objectVersion = 46;
	objects = {

/* Begin PBXBuildFile section */
		4F3307748381AE2ADBAB9EAF /* libPods-ZhangleiIOSProject.a in Frameworks */ = {isa = PBXBuildFile; fileRef = F9305E85F9D7D8889A335D27 /* libPods-ZhangleiIOSProject.a */; };
		921B4E881D58848F001C6466 /* main.m in Sources */ = {isa = PBXBuildFile; fileRef = 921B4E871D58848F001C6466 /* main.m */; };
		921B4E8B1D58848F001C6466 /* AppDelegate.m in Sources */ = {isa = PBXBuildFile; fileRef = 921B4E8A1D58848F001C6466 /* AppDelegate.m */; };
		921B4E8E1D58848F001C6466 /* ViewController.m in Sources */ = {isa = PBXBuildFile; fileRef = 921B4E8D1D58848F001C6466 /* ViewController.m */; };
		921B4E931D58848F001C6466 /* Assets.xcassets in Resources */ = {isa = PBXBuildFile; fileRef = 921B4E921D58848F001C6466 /* Assets.xcassets */; };
		921B4EA11D58848F001C6466 /* ZhangleiIOSProjectTests.m in Sources */ = {isa = PBXBuildFile; fileRef = 921B4EA01D58848F001C6466 /* ZhangleiIOSProjectTests.m */; };
		921B4EAC1D58848F001C6466 /* ZhangleiIOSProjectUITests.m in Sources */ = {isa = PBXBuildFile; fileRef = 921B4EAB1D58848F001C6466 /* ZhangleiIOSProjectUITests.m */; };
		921B4EBB1D5894FA001C6466 /* config in Resources */ = {isa = PBXBuildFile; fileRef = 921B4EBA1D5894FA001C6466 /* config */; };
		921B4ED51D58960F001C6466 /* LangCaptain.m in Sources */ = {isa = PBXBuildFile; fileRef = 921B4ED41D58960F001C6466 /* LangCaptain.m */; };
		922E70E91E51A40C00473136 /* JSPatchViewController.m in Sources */ = {isa = PBXBuildFile; fileRef = 922E70E81E51A40C00473136 /* JSPatchViewController.m */; };
		926500891E4C1A0E007AC8D9 /* IOSLogic.m in Sources */ = {isa = PBXBuildFile; fileRef = 926500881E4C1A0E007AC8D9 /* IOSLogic.m */; };
		9265008E1E4C40C3007AC8D9 /* MasonryViewController.m in Sources */ = {isa = PBXBuildFile; fileRef = 9265008D1E4C40C3007AC8D9 /* MasonryViewController.m */; };
		926500911E4C534A007AC8D9 /* UpdateBaseView.m in Sources */ = {isa = PBXBuildFile; fileRef = 926500901E4C534A007AC8D9 /* UpdateBaseView.m */; };
		92F591AD1D59BD16004E242B /* LocationData.m in Sources */ = {isa = PBXBuildFile; fileRef = 92F591AC1D59BD16004E242B /* LocationData.m */; };
		92F591B11D59C255004E242B /* NSData+AES256Encrypt.m in Sources */ = {isa = PBXBuildFile; fileRef = 92F591B01D59C255004E242B /* NSData+AES256Encrypt.m */; };
		92F591B51D59D37E004E242B /* DebugUtil.m in Sources */ = {isa = PBXBuildFile; fileRef = 92F591B41D59D37E004E242B /* DebugUtil.m */; };
/* End PBXBuildFile section */

/* Begin PBXContainerItemProxy section */
		921B4E9D1D58848F001C6466 /* PBXContainerItemProxy */ = {
			isa = PBXContainerItemProxy;
			containerPortal = 921B4E7B1D58848E001C6466 /* Project object */;
			proxyType = 1;
			remoteGlobalIDString = 921B4E821D58848F001C6466;
			remoteInfo = ZhangleiIOSProject;
		};
		921B4EA81D58848F001C6466 /* PBXContainerItemProxy */ = {
			isa = PBXContainerItemProxy;
			containerPortal = 921B4E7B1D58848E001C6466 /* Project object */;
			proxyType = 1;
			remoteGlobalIDString = 921B4E821D58848F001C6466;
			remoteInfo = ZhangleiIOSProject;
		};
/* End PBXContainerItemProxy section */

/* Begin PBXFileReference section */
		636A9EFFB6E240C1D8970C0E /* Pods-ZhangleiIOSProject.release.xcconfig */ = {isa = PBXFileReference; includeInIndex = 1; lastKnownFileType = text.xcconfig; name = "Pods-ZhangleiIOSProject.release.xcconfig"; path = "Pods/Target Support Files/Pods-ZhangleiIOSProject/Pods-ZhangleiIOSProject.release.xcconfig"; sourceTree = "<group>"; };
		921B4E831D58848F001C6466 /* ZhangleiIOSProject.app */ = {isa = PBXFileReference; explicitFileType = wrapper.application; includeInIndex = 0; path = ZhangleiIOSProject.app; sourceTree = BUILT_PRODUCTS_DIR; };
		921B4E871D58848F001C6466 /* main.m */ = {isa = PBXFileReference; lastKnownFileType = sourcecode.c.objc; path = main.m; sourceTree = "<group>"; };
		921B4E891D58848F001C6466 /* AppDelegate.h */ = {isa = PBXFileReference; lastKnownFileType = sourcecode.c.h; path = AppDelegate.h; sourceTree = "<group>"; };
		921B4E8A1D58848F001C6466 /* AppDelegate.m */ = {isa = PBXFileReference; lastKnownFileType = sourcecode.c.objc; path = AppDelegate.m; sourceTree = "<group>"; };
		921B4E8C1D58848F001C6466 /* ViewController.h */ = {isa = PBXFileReference; lastKnownFileType = sourcecode.c.h; path = ViewController.h; sourceTree = "<group>"; };
		921B4E8D1D58848F001C6466 /* ViewController.m */ = {isa = PBXFileReference; lastKnownFileType = sourcecode.c.objc; path = ViewController.m; sourceTree = "<group>"; };
		921B4E921D58848F001C6466 /* Assets.xcassets */ = {isa = PBXFileReference; lastKnownFileType = folder.assetcatalog; path = Assets.xcassets; sourceTree = "<group>"; };
		921B4E971D58848F001C6466 /* Info.plist */ = {isa = PBXFileReference; lastKnownFileType = text.plist.xml; path = Info.plist; sourceTree = "<group>"; };
		921B4E9C1D58848F001C6466 /* ZhangleiIOSProjectTests.xctest */ = {isa = PBXFileReference; explicitFileType = wrapper.cfbundle; includeInIndex = 0; path = ZhangleiIOSProjectTests.xctest; sourceTree = BUILT_PRODUCTS_DIR; };
		921B4EA01D58848F001C6466 /* ZhangleiIOSProjectTests.m */ = {isa = PBXFileReference; lastKnownFileType = sourcecode.c.objc; path = ZhangleiIOSProjectTests.m; sourceTree = "<group>"; };
		921B4EA21D58848F001C6466 /* Info.plist */ = {isa = PBXFileReference; lastKnownFileType = text.plist.xml; path = Info.plist; sourceTree = "<group>"; };
		921B4EA71D58848F001C6466 /* ZhangleiIOSProjectUITests.xctest */ = {isa = PBXFileReference; explicitFileType = wrapper.cfbundle; includeInIndex = 0; path = ZhangleiIOSProjectUITests.xctest; sourceTree = BUILT_PRODUCTS_DIR; };
		921B4EAB1D58848F001C6466 /* ZhangleiIOSProjectUITests.m */ = {isa = PBXFileReference; lastKnownFileType = sourcecode.c.objc; path = ZhangleiIOSProjectUITests.m; sourceTree = "<group>"; };
		921B4EAD1D58848F001C6466 /* Info.plist */ = {isa = PBXFileReference; lastKnownFileType = text.plist.xml; path = Info.plist; sourceTree = "<group>"; };
		921B4EBA1D5894FA001C6466 /* config */ = {isa = PBXFileReference; lastKnownFileType = folder; path = config; sourceTree = "<group>"; };
		921B4ED31D58960F001C6466 /* LangCaptain.h */ = {isa = PBXFileReference; fileEncoding = 4; lastKnownFileType = sourcecode.c.h; path = LangCaptain.h; sourceTree = "<group>"; };
		921B4ED41D58960F001C6466 /* LangCaptain.m */ = {isa = PBXFileReference; fileEncoding = 4; lastKnownFileType = sourcecode.c.objc; path = LangCaptain.m; sourceTree = "<group>"; };
		922E70E71E51A40C00473136 /* JSPatchViewController.h */ = {isa = PBXFileReference; fileEncoding = 4; lastKnownFileType = sourcecode.c.h; path = JSPatchViewController.h; sourceTree = "<group>"; };
		922E70E81E51A40C00473136 /* JSPatchViewController.m */ = {isa = PBXFileReference; fileEncoding = 4; lastKnownFileType = sourcecode.c.objc; path = JSPatchViewController.m; sourceTree = "<group>"; };
		926500871E4C1A0E007AC8D9 /* IOSLogic.h */ = {isa = PBXFileReference; fileEncoding = 4; lastKnownFileType = sourcecode.c.h; path = IOSLogic.h; sourceTree = "<group>"; };
		926500881E4C1A0E007AC8D9 /* IOSLogic.m */ = {isa = PBXFileReference; fileEncoding = 4; lastKnownFileType = sourcecode.c.objc; path = IOSLogic.m; sourceTree = "<group>"; };
		9265008C1E4C40C3007AC8D9 /* MasonryViewController.h */ = {isa = PBXFileReference; fileEncoding = 4; lastKnownFileType = sourcecode.c.h; path = MasonryViewController.h; sourceTree = "<group>"; };
		9265008D1E4C40C3007AC8D9 /* MasonryViewController.m */ = {isa = PBXFileReference; fileEncoding = 4; lastKnownFileType = sourcecode.c.objc; path = MasonryViewController.m; sourceTree = "<group>"; };
		9265008F1E4C534A007AC8D9 /* UpdateBaseView.h */ = {isa = PBXFileReference; fileEncoding = 4; lastKnownFileType = sourcecode.c.h; path = UpdateBaseView.h; sourceTree = "<group>"; };
		926500901E4C534A007AC8D9 /* UpdateBaseView.m */ = {isa = PBXFileReference; fileEncoding = 4; lastKnownFileType = sourcecode.c.objc; path = UpdateBaseView.m; sourceTree = "<group>"; };
		92F591AB1D59BD16004E242B /* LocationData.h */ = {isa = PBXFileReference; fileEncoding = 4; lastKnownFileType = sourcecode.c.h; path = LocationData.h; sourceTree = "<group>"; };
		92F591AC1D59BD16004E242B /* LocationData.m */ = {isa = PBXFileReference; fileEncoding = 4; lastKnownFileType = sourcecode.c.objc; path = LocationData.m; sourceTree = "<group>"; };
		92F591AF1D59C255004E242B /* NSData+AES256Encrypt.h */ = {isa = PBXFileReference; fileEncoding = 4; lastKnownFileType = sourcecode.c.h; path = "NSData+AES256Encrypt.h"; sourceTree = "<group>"; };
		92F591B01D59C255004E242B /* NSData+AES256Encrypt.m */ = {isa = PBXFileReference; fileEncoding = 4; lastKnownFileType = sourcecode.c.objc; path = "NSData+AES256Encrypt.m"; sourceTree = "<group>"; };
		92F591B31D59D37E004E242B /* DebugUtil.h */ = {isa = PBXFileReference; fileEncoding = 4; lastKnownFileType = sourcecode.c.h; path = DebugUtil.h; sourceTree = "<group>"; };
		92F591B41D59D37E004E242B /* DebugUtil.m */ = {isa = PBXFileReference; fileEncoding = 4; lastKnownFileType = sourcecode.c.objc; path = DebugUtil.m; sourceTree = "<group>"; };
		EFB210A03B812C8E8519AD57 /* Pods-ZhangleiIOSProject.debug.xcconfig */ = {isa = PBXFileReference; includeInIndex = 1; lastKnownFileType = text.xcconfig; name = "Pods-ZhangleiIOSProject.debug.xcconfig"; path = "Pods/Target Support Files/Pods-ZhangleiIOSProject/Pods-ZhangleiIOSProject.debug.xcconfig"; sourceTree = "<group>"; };
		F9305E85F9D7D8889A335D27 /* libPods-ZhangleiIOSProject.a */ = {isa = PBXFileReference; explicitFileType = archive.ar; includeInIndex = 0; path = "libPods-ZhangleiIOSProject.a"; sourceTree = BUILT_PRODUCTS_DIR; };
/* End PBXFileReference section */

/* Begin PBXFrameworksBuildPhase section */
		921B4E801D58848F001C6466 /* Frameworks */ = {
			isa = PBXFrameworksBuildPhase;
			buildActionMask = 2147483647;
			files = (
				4F3307748381AE2ADBAB9EAF /* libPods-ZhangleiIOSProject.a in Frameworks */,
			);
			runOnlyForDeploymentPostprocessing = 0;
		};
		921B4E991D58848F001C6466 /* Frameworks */ = {
			isa = PBXFrameworksBuildPhase;
			buildActionMask = 2147483647;
			files = (
			);
			runOnlyForDeploymentPostprocessing = 0;
		};
		921B4EA41D58848F001C6466 /* Frameworks */ = {
			isa = PBXFrameworksBuildPhase;
			buildActionMask = 2147483647;
			files = (
			);
			runOnlyForDeploymentPostprocessing = 0;
		};
/* End PBXFrameworksBuildPhase section */

/* Begin PBXGroup section */
		2FB9703BA09FA749FA9D9FB7 /* Pods */ = {
			isa = PBXGroup;
			children = (
				EFB210A03B812C8E8519AD57 /* Pods-ZhangleiIOSProject.debug.xcconfig */,
				636A9EFFB6E240C1D8970C0E /* Pods-ZhangleiIOSProject.release.xcconfig */,
			);
			name = Pods;
			sourceTree = "<group>";
		};
		921B4E7A1D58848E001C6466 = {
			isa = PBXGroup;
			children = (
				921B4EBA1D5894FA001C6466 /* config */,
				921B4E851D58848F001C6466 /* ZhangleiIOSProject */,
				921B4E9F1D58848F001C6466 /* ZhangleiIOSProjectTests */,
				921B4EAA1D58848F001C6466 /* ZhangleiIOSProjectUITests */,
				921B4E841D58848F001C6466 /* Products */,
				2FB9703BA09FA749FA9D9FB7 /* Pods */,
				C568B332DFB16BA4291F6F3F /* Frameworks */,
			);
			sourceTree = "<group>";
		};
		921B4E841D58848F001C6466 /* Products */ = {
			isa = PBXGroup;
			children = (
				921B4E831D58848F001C6466 /* ZhangleiIOSProject.app */,
				921B4E9C1D58848F001C6466 /* ZhangleiIOSProjectTests.xctest */,
				921B4EA71D58848F001C6466 /* ZhangleiIOSProjectUITests.xctest */,
			);
			name = Products;
			sourceTree = "<group>";
		};
		921B4E851D58848F001C6466 /* ZhangleiIOSProject */ = {
			isa = PBXGroup;
			children = (
				9265008A1E4C402D007AC8D9 /* ViewController */,
				926500861E4C19FE007AC8D9 /* IOSLogic */,
				92F591B21D59D354004E242B /* Debug */,
				92F591AE1D59C22A004E242B /* Encrypt */,
				92F591AA1D59BD07004E242B /* LocationData */,
				921B4ED21D589602001C6466 /* Config */,
				921B4E891D58848F001C6466 /* AppDelegate.h */,
				921B4E8A1D58848F001C6466 /* AppDelegate.m */,
				921B4E8C1D58848F001C6466 /* ViewController.h */,
				921B4E8D1D58848F001C6466 /* ViewController.m */,
				921B4E921D58848F001C6466 /* Assets.xcassets */,
				921B4E971D58848F001C6466 /* Info.plist */,
				921B4E861D58848F001C6466 /* Supporting Files */,
			);
			path = ZhangleiIOSProject;
			sourceTree = "<group>";
		};
		921B4E861D58848F001C6466 /* Supporting Files */ = {
			isa = PBXGroup;
			children = (
				921B4E871D58848F001C6466 /* main.m */,
			);
			name = "Supporting Files";
			sourceTree = "<group>";
		};
		921B4E9F1D58848F001C6466 /* ZhangleiIOSProjectTests */ = {
			isa = PBXGroup;
			children = (
				921B4EA01D58848F001C6466 /* ZhangleiIOSProjectTests.m */,
				921B4EA21D58848F001C6466 /* Info.plist */,
			);
			path = ZhangleiIOSProjectTests;
			sourceTree = "<group>";
		};
		921B4EAA1D58848F001C6466 /* ZhangleiIOSProjectUITests */ = {
			isa = PBXGroup;
			children = (
				921B4EAB1D58848F001C6466 /* ZhangleiIOSProjectUITests.m */,
				921B4EAD1D58848F001C6466 /* Info.plist */,
			);
			path = ZhangleiIOSProjectUITests;
			sourceTree = "<group>";
		};
		921B4ED21D589602001C6466 /* Config */ = {
			isa = PBXGroup;
			children = (
				921B4ED31D58960F001C6466 /* LangCaptain.h */,
				921B4ED41D58960F001C6466 /* LangCaptain.m */,
			);
			path = Config;
			sourceTree = "<group>";
		};
		922E70E61E51A3E800473136 /* JSPacth */ = {
			isa = PBXGroup;
			children = (
				922E70E71E51A40C00473136 /* JSPatchViewController.h */,
				922E70E81E51A40C00473136 /* JSPatchViewController.m */,
			);
			path = JSPacth;
			sourceTree = "<group>";
		};
		926500861E4C19FE007AC8D9 /* IOSLogic */ = {
			isa = PBXGroup;
			children = (
				926500871E4C1A0E007AC8D9 /* IOSLogic.h */,
				926500881E4C1A0E007AC8D9 /* IOSLogic.m */,
			);
			path = IOSLogic;
			sourceTree = "<group>";
		};
		9265008A1E4C402D007AC8D9 /* ViewController */ = {
			isa = PBXGroup;
			children = (
				922E70E61E51A3E800473136 /* JSPacth */,
				9265008B1E4C402D007AC8D9 /* Masonry */,
			);
			path = ViewController;
			sourceTree = "<group>";
		};
		9265008B1E4C402D007AC8D9 /* Masonry */ = {
			isa = PBXGroup;
			children = (
				9265008C1E4C40C3007AC8D9 /* MasonryViewController.h */,
				9265008D1E4C40C3007AC8D9 /* MasonryViewController.m */,
				9265008F1E4C534A007AC8D9 /* UpdateBaseView.h */,
				926500901E4C534A007AC8D9 /* UpdateBaseView.m */,
			);
			path = Masonry;
			sourceTree = "<group>";
		};
		92F591AA1D59BD07004E242B /* LocationData */ = {
			isa = PBXGroup;
			children = (
				92F591AB1D59BD16004E242B /* LocationData.h */,
				92F591AC1D59BD16004E242B /* LocationData.m */,
			);
			path = LocationData;
			sourceTree = "<group>";
		};
		92F591AE1D59C22A004E242B /* Encrypt */ = {
			isa = PBXGroup;
			children = (
				92F591AF1D59C255004E242B /* NSData+AES256Encrypt.h */,
				92F591B01D59C255004E242B /* NSData+AES256Encrypt.m */,
			);
			path = Encrypt;
			sourceTree = "<group>";
		};
		92F591B21D59D354004E242B /* Debug */ = {
			isa = PBXGroup;
			children = (
				92F591B31D59D37E004E242B /* DebugUtil.h */,
				92F591B41D59D37E004E242B /* DebugUtil.m */,
			);
			path = Debug;
			sourceTree = "<group>";
		};
		C568B332DFB16BA4291F6F3F /* Frameworks */ = {
			isa = PBXGroup;
			children = (
				F9305E85F9D7D8889A335D27 /* libPods-ZhangleiIOSProject.a */,
			);
			name = Frameworks;
			sourceTree = "<group>";
		};
/* End PBXGroup section */

/* Begin PBXNativeTarget section */
		921B4E821D58848F001C6466 /* ZhangleiIOSProject */ = {
			isa = PBXNativeTarget;
			buildConfigurationList = 921B4EB01D58848F001C6466 /* Build configuration list for PBXNativeTarget "ZhangleiIOSProject" */;
			buildPhases = (
				9D66709EEDBE6DB3B61A7DA5 /* [CP] Check Pods Manifest.lock */,
				921B4E7F1D58848F001C6466 /* Sources */,
				921B4E801D58848F001C6466 /* Frameworks */,
				921B4E811D58848F001C6466 /* Resources */,
				6AEECAFBC58A38FA571E26B5 /* [CP] Embed Pods Frameworks */,
				007292C5ECC38C69884E53F4 /* [CP] Copy Pods Resources */,
			);
			buildRules = (
			);
			dependencies = (
			);
			name = ZhangleiIOSProject;
			productName = ZhangleiIOSProject;
			productReference = 921B4E831D58848F001C6466 /* ZhangleiIOSProject.app */;
			productType = "com.apple.product-type.application";
		};
		921B4E9B1D58848F001C6466 /* ZhangleiIOSProjectTests */ = {
			isa = PBXNativeTarget;
			buildConfigurationList = 921B4EB31D58848F001C6466 /* Build configuration list for PBXNativeTarget "ZhangleiIOSProjectTests" */;
			buildPhases = (
				921B4E981D58848F001C6466 /* Sources */,
				921B4E991D58848F001C6466 /* Frameworks */,
				921B4E9A1D58848F001C6466 /* Resources */,
			);
			buildRules = (
			);
			dependencies = (
				921B4E9E1D58848F001C6466 /* PBXTargetDependency */,
			);
			name = ZhangleiIOSProjectTests;
			productName = ZhangleiIOSProjectTests;
			productReference = 921B4E9C1D58848F001C6466 /* ZhangleiIOSProjectTests.xctest */;
			productType = "com.apple.product-type.bundle.unit-test";
		};
		921B4EA61D58848F001C6466 /* ZhangleiIOSProjectUITests */ = {
			isa = PBXNativeTarget;
			buildConfigurationList = 921B4EB61D58848F001C6466 /* Build configuration list for PBXNativeTarget "ZhangleiIOSProjectUITests" */;
			buildPhases = (
				921B4EA31D58848F001C6466 /* Sources */,
				921B4EA41D58848F001C6466 /* Frameworks */,
				921B4EA51D58848F001C6466 /* Resources */,
			);
			buildRules = (
			);
			dependencies = (
				921B4EA91D58848F001C6466 /* PBXTargetDependency */,
			);
			name = ZhangleiIOSProjectUITests;
			productName = ZhangleiIOSProjectUITests;
			productReference = 921B4EA71D58848F001C6466 /* ZhangleiIOSProjectUITests.xctest */;
			productType = "com.apple.product-type.bundle.ui-testing";
		};
/* End PBXNativeTarget section */

/* Begin PBXProject section */
		921B4E7B1D58848E001C6466 /* Project object */ = {
			isa = PBXProject;
			attributes = {
				LastUpgradeCheck = 0800;
				ORGANIZATIONNAME = zhanglei;
				TargetAttributes = {
					921B4E821D58848F001C6466 = {
						CreatedOnToolsVersion = 7.3.1;
						DevelopmentTeam = PSSLG7YSAQ;
					};
					921B4E9B1D58848F001C6466 = {
						CreatedOnToolsVersion = 7.3.1;
						DevelopmentTeam = PSSLG7YSAQ;
						TestTargetID = 921B4E821D58848F001C6466;
					};
					921B4EA61D58848F001C6466 = {
						CreatedOnToolsVersion = 7.3.1;
						DevelopmentTeam = PSSLG7YSAQ;
						TestTargetID = 921B4E821D58848F001C6466;
					};
				};
			};
			buildConfigurationList = 921B4E7E1D58848E001C6466 /* Build configuration list for PBXProject "ZhangleiIOSProject" */;
			compatibilityVersion = "Xcode 3.2";
			developmentRegion = English;
			hasScannedForEncodings = 0;
			knownRegions = (
				en,
				Base,
			);
			mainGroup = 921B4E7A1D58848E001C6466;
			productRefGroup = 921B4E841D58848F001C6466 /* Products */;
			projectDirPath = "";
			projectRoot = "";
			targets = (
				921B4E821D58848F001C6466 /* ZhangleiIOSProject */,
				921B4E9B1D58848F001C6466 /* ZhangleiIOSProjectTests */,
				921B4EA61D58848F001C6466 /* ZhangleiIOSProjectUITests */,
			);
		};
/* End PBXProject section */

/* Begin PBXResourcesBuildPhase section */
		921B4E811D58848F001C6466 /* Resources */ = {
			isa = PBXResourcesBuildPhase;
			buildActionMask = 2147483647;
			files = (
				921B4EBB1D5894FA001C6466 /* config in Resources */,
				921B4E931D58848F001C6466 /* Assets.xcassets in Resources */,
			);
			runOnlyForDeploymentPostprocessing = 0;
		};
		921B4E9A1D58848F001C6466 /* Resources */ = {
			isa = PBXResourcesBuildPhase;
			buildActionMask = 2147483647;
			files = (
			);
			runOnlyForDeploymentPostprocessing = 0;
		};
		921B4EA51D58848F001C6466 /* Resources */ = {
			isa = PBXResourcesBuildPhase;
			buildActionMask = 2147483647;
			files = (
			);
			runOnlyForDeploymentPostprocessing = 0;
		};
/* End PBXResourcesBuildPhase section */

/* Begin PBXShellScriptBuildPhase section */
		007292C5ECC38C69884E53F4 /* [CP] Copy Pods Resources */ = {
			isa = PBXShellScriptBuildPhase;
			buildActionMask = 2147483647;
			files = (
			);
			inputPaths = (
			);
			name = "[CP] Copy Pods Resources";
			outputPaths = (
			);
			runOnlyForDeploymentPostprocessing = 0;
			shellPath = /bin/sh;
			shellScript = "\"${SRCROOT}/Pods/Target Support Files/Pods-ZhangleiIOSProject/Pods-ZhangleiIOSProject-resources.sh\"\n";
			showEnvVarsInLog = 0;
		};
		6AEECAFBC58A38FA571E26B5 /* [CP] Embed Pods Frameworks */ = {
			isa = PBXShellScriptBuildPhase;
			buildActionMask = 2147483647;
			files = (
			);
			inputPaths = (
			);
			name = "[CP] Embed Pods Frameworks";
			outputPaths = (
			);
			runOnlyForDeploymentPostprocessing = 0;
			shellPath = /bin/sh;
			shellScript = "\"${SRCROOT}/Pods/Target Support Files/Pods-ZhangleiIOSProject/Pods-ZhangleiIOSProject-frameworks.sh\"\n";
			showEnvVarsInLog = 0;
		};
		9D66709EEDBE6DB3B61A7DA5 /* [CP] Check Pods Manifest.lock */ = {
			isa = PBXShellScriptBuildPhase;
			buildActionMask = 2147483647;
			files = (
			);
			inputPaths = (
			);
			name = "[CP] Check Pods Manifest.lock";
			outputPaths = (
			);
			runOnlyForDeploymentPostprocessing = 0;
			shellPath = /bin/sh;
			shellScript = "diff \"${PODS_ROOT}/../Podfile.lock\" \"${PODS_ROOT}/Manifest.lock\" > /dev/null\nif [ $? != 0 ] ; then\n    # print error to STDERR\n    echo \"error: The sandbox is not in sync with the Podfile.lock. Run 'pod install' or update your CocoaPods installation.\" >&2\n    exit 1\nfi\n";
			showEnvVarsInLog = 0;
		};
/* End PBXShellScriptBuildPhase section */

/* Begin PBXSourcesBuildPhase section */
		921B4E7F1D58848F001C6466 /* Sources */ = {
			isa = PBXSourcesBuildPhase;
			buildActionMask = 2147483647;
			files = (
				922E70E91E51A40C00473136 /* JSPatchViewController.m in Sources */,
				92F591B11D59C255004E242B /* NSData+AES256Encrypt.m in Sources */,
				921B4E8E1D58848F001C6466 /* ViewController.m in Sources */,
				92F591B51D59D37E004E242B /* DebugUtil.m in Sources */,
				921B4E8B1D58848F001C6466 /* AppDelegate.m in Sources */,
				92F591AD1D59BD16004E242B /* LocationData.m in Sources */,
				9265008E1E4C40C3007AC8D9 /* MasonryViewController.m in Sources */,
				926500911E4C534A007AC8D9 /* UpdateBaseView.m in Sources */,
				921B4ED51D58960F001C6466 /* LangCaptain.m in Sources */,
				926500891E4C1A0E007AC8D9 /* IOSLogic.m in Sources */,
				921B4E881D58848F001C6466 /* main.m in Sources */,
			);
			runOnlyForDeploymentPostprocessing = 0;
		};
		921B4E981D58848F001C6466 /* Sources */ = {
			isa = PBXSourcesBuildPhase;
			buildActionMask = 2147483647;
			files = (
				921B4EA11D58848F001C6466 /* ZhangleiIOSProjectTests.m in Sources */,
			);
			runOnlyForDeploymentPostprocessing = 0;
		};
		921B4EA31D58848F001C6466 /* Sources */ = {
			isa = PBXSourcesBuildPhase;
			buildActionMask = 2147483647;
			files = (
				921B4EAC1D58848F001C6466 /* ZhangleiIOSProjectUITests.m in Sources */,
			);
			runOnlyForDeploymentPostprocessing = 0;
		};
/* End PBXSourcesBuildPhase section */

/* Begin PBXTargetDependency section */
		921B4E9E1D58848F001C6466 /* PBXTargetDependency */ = {
			isa = PBXTargetDependency;
			target = 921B4E821D58848F001C6466 /* ZhangleiIOSProject */;
			targetProxy = 921B4E9D1D58848F001C6466 /* PBXContainerItemProxy */;
		};
		921B4EA91D58848F001C6466 /* PBXTargetDependency */ = {
			isa = PBXTargetDependency;
			target = 921B4E821D58848F001C6466 /* ZhangleiIOSProject */;
			targetProxy = 921B4EA81D58848F001C6466 /* PBXContainerItemProxy */;
		};
/* End PBXTargetDependency section */

/* Begin XCBuildConfiguration section */
		921B4EAE1D58848F001C6466 /* Debug */ = {
			isa = XCBuildConfiguration;
			buildSettings = {
				ALWAYS_SEARCH_USER_PATHS = NO;
				CLANG_ANALYZER_NONNULL = YES;
				CLANG_CXX_LANGUAGE_STANDARD = "gnu++0x";
				CLANG_CXX_LIBRARY = "libc++";
				CLANG_ENABLE_MODULES = YES;
				CLANG_ENABLE_OBJC_ARC = YES;
				CLANG_WARN_BOOL_CONVERSION = YES;
				CLANG_WARN_CONSTANT_CONVERSION = YES;
				CLANG_WARN_DIRECT_OBJC_ISA_USAGE = YES_ERROR;
				CLANG_WARN_EMPTY_BODY = YES;
				CLANG_WARN_ENUM_CONVERSION = YES;
				CLANG_WARN_INFINITE_RECURSION = YES;
				CLANG_WARN_INT_CONVERSION = YES;
				CLANG_WARN_OBJC_ROOT_CLASS = YES_ERROR;
				CLANG_WARN_SUSPICIOUS_MOVE = YES;
				CLANG_WARN_UNREACHABLE_CODE = YES;
				CLANG_WARN__DUPLICATE_METHOD_MATCH = YES;
				"CODE_SIGN_IDENTITY[sdk=iphoneos*]" = "iPhone Developer";
				COPY_PHASE_STRIP = NO;
				DEBUG_INFORMATION_FORMAT = dwarf;
				ENABLE_STRICT_OBJC_MSGSEND = YES;
				ENABLE_TESTABILITY = YES;
				GCC_C_LANGUAGE_STANDARD = gnu99;
				GCC_DYNAMIC_NO_PIC = NO;
				GCC_NO_COMMON_BLOCKS = YES;
				GCC_OPTIMIZATION_LEVEL = 0;
				GCC_PREPROCESSOR_DEFINITIONS = (
					"DEBUG=1",
					"$(inherited)",
				);
				GCC_WARN_64_TO_32_BIT_CONVERSION = YES;
				GCC_WARN_ABOUT_RETURN_TYPE = YES_ERROR;
				GCC_WARN_UNDECLARED_SELECTOR = YES;
				GCC_WARN_UNINITIALIZED_AUTOS = YES_AGGRESSIVE;
				GCC_WARN_UNUSED_FUNCTION = YES;
				GCC_WARN_UNUSED_VARIABLE = YES;
				IPHONEOS_DEPLOYMENT_TARGET = 8.3;
				MTL_ENABLE_DEBUG_INFO = YES;
				ONLY_ACTIVE_ARCH = YES;
				SDKROOT = iphoneos;
			};
			name = Debug;
		};
		921B4EAF1D58848F001C6466 /* Release */ = {
			isa = XCBuildConfiguration;
			buildSettings = {
				ALWAYS_SEARCH_USER_PATHS = NO;
				CLANG_ANALYZER_NONNULL = YES;
				CLANG_CXX_LANGUAGE_STANDARD = "gnu++0x";
				CLANG_CXX_LIBRARY = "libc++";
				CLANG_ENABLE_MODULES = YES;
				CLANG_ENABLE_OBJC_ARC = YES;
				CLANG_WARN_BOOL_CONVERSION = YES;
				CLANG_WARN_CONSTANT_CONVERSION = YES;
				CLANG_WARN_DIRECT_OBJC_ISA_USAGE = YES_ERROR;
				CLANG_WARN_EMPTY_BODY = YES;
				CLANG_WARN_ENUM_CONVERSION = YES;
				CLANG_WARN_INFINITE_RECURSION = YES;
				CLANG_WARN_INT_CONVERSION = YES;
				CLANG_WARN_OBJC_ROOT_CLASS = YES_ERROR;
				CLANG_WARN_SUSPICIOUS_MOVE = YES;
				CLANG_WARN_UNREACHABLE_CODE = YES;
				CLANG_WARN__DUPLICATE_METHOD_MATCH = YES;
				"CODE_SIGN_IDENTITY[sdk=iphoneos*]" = "iPhone Developer";
				COPY_PHASE_STRIP = NO;
				DEBUG_INFORMATION_FORMAT = "dwarf-with-dsym";
				ENABLE_NS_ASSERTIONS = NO;
				ENABLE_STRICT_OBJC_MSGSEND = YES;
				GCC_C_LANGUAGE_STANDARD = gnu99;
				GCC_NO_COMMON_BLOCKS = YES;
				GCC_WARN_64_TO_32_BIT_CONVERSION = YES;
				GCC_WARN_ABOUT_RETURN_TYPE = YES_ERROR;
				GCC_WARN_UNDECLARED_SELECTOR = YES;
				GCC_WARN_UNINITIALIZED_AUTOS = YES_AGGRESSIVE;
				GCC_WARN_UNUSED_FUNCTION = YES;
				GCC_WARN_UNUSED_VARIABLE = YES;
				IPHONEOS_DEPLOYMENT_TARGET = 8.3;
				MTL_ENABLE_DEBUG_INFO = NO;
				SDKROOT = iphoneos;
				VALIDATE_PRODUCT = YES;
			};
			name = Release;
		};
		921B4EB11D58848F001C6466 /* Debug */ = {
			isa = XCBuildConfiguration;
			baseConfigurationReference = EFB210A03B812C8E8519AD57 /* Pods-ZhangleiIOSProject.debug.xcconfig */;
			buildSettings = {
				ASSETCATALOG_COMPILER_APPICON_NAME = AppIcon;
				DEVELOPMENT_TEAM = PSSLG7YSAQ;
				INFOPLIST_FILE = ZhangleiIOSProject/Info.plist;
				LD_RUNPATH_SEARCH_PATHS = "$(inherited) @executable_path/Frameworks";
				PRODUCT_BUNDLE_IDENTIFIER = com.PushTest.ZhangleiIOSProject;
				PRODUCT_NAME = "$(TARGET_NAME)";
				TARGETED_DEVICE_FAMILY = 1;
			};
			name = Debug;
		};
		921B4EB21D58848F001C6466 /* Release */ = {
			isa = XCBuildConfiguration;
			baseConfigurationReference = 636A9EFFB6E240C1D8970C0E /* Pods-ZhangleiIOSProject.release.xcconfig */;
			buildSettings = {
				ASSETCATALOG_COMPILER_APPICON_NAME = AppIcon;
				DEVELOPMENT_TEAM = PSSLG7YSAQ;
				INFOPLIST_FILE = ZhangleiIOSProject/Info.plist;
				LD_RUNPATH_SEARCH_PATHS = "$(inherited) @executable_path/Frameworks";
				PRODUCT_BUNDLE_IDENTIFIER = com.PushTest.ZhangleiIOSProject;
				PRODUCT_NAME = "$(TARGET_NAME)";
				TARGETED_DEVICE_FAMILY = 1;
			};
			name = Release;
		};
		921B4EB41D58848F001C6466 /* Debug */ = {
			isa = XCBuildConfiguration;
			buildSettings = {
				BUNDLE_LOADER = "$(TEST_HOST)";
				DEVELOPMENT_TEAM = PSSLG7YSAQ;
				INFOPLIST_FILE = ZhangleiIOSProjectTests/Info.plist;
				LD_RUNPATH_SEARCH_PATHS = "$(inherited) @executable_path/Frameworks @loader_path/Frameworks";
				PRODUCT_BUNDLE_IDENTIFIER = com.PushTest.ZhangleiIOSProjectTests;
				PRODUCT_NAME = "$(TARGET_NAME)";
				TEST_HOST = "$(BUILT_PRODUCTS_DIR)/ZhangleiIOSProject.app/ZhangleiIOSProject";
			};
			name = Debug;
		};
		921B4EB51D58848F001C6466 /* Release */ = {
			isa = XCBuildConfiguration;
			buildSettings = {
				BUNDLE_LOADER = "$(TEST_HOST)";
				DEVELOPMENT_TEAM = PSSLG7YSAQ;
				INFOPLIST_FILE = ZhangleiIOSProjectTests/Info.plist;
				LD_RUNPATH_SEARCH_PATHS = "$(inherited) @executable_path/Frameworks @loader_path/Frameworks";
				PRODUCT_BUNDLE_IDENTIFIER = com.PushTest.ZhangleiIOSProjectTests;
				PRODUCT_NAME = "$(TARGET_NAME)";
				TEST_HOST = "$(BUILT_PRODUCTS_DIR)/ZhangleiIOSProject.app/ZhangleiIOSProject";
			};
			name = Release;
		};
		921B4EB71D58848F001C6466 /* Debug */ = {
			isa = XCBuildConfiguration;
			buildSettings = {
				DEVELOPMENT_TEAM = PSSLG7YSAQ;
				INFOPLIST_FILE = ZhangleiIOSProjectUITests/Info.plist;
				LD_RUNPATH_SEARCH_PATHS = "$(inherited) @executable_path/Frameworks @loader_path/Frameworks";
				PRODUCT_BUNDLE_IDENTIFIER = com.PushTest.ZhangleiIOSProjectUITests;
				PRODUCT_NAME = "$(TARGET_NAME)";
				TEST_TARGET_NAME = ZhangleiIOSProject;
			};
			name = Debug;
		};
		921B4EB81D58848F001C6466 /* Release */ = {
			isa = XCBuildConfiguration;
			buildSettings = {
				DEVELOPMENT_TEAM = PSSLG7YSAQ;
				INFOPLIST_FILE = ZhangleiIOSProjectUITests/Info.plist;
				LD_RUNPATH_SEARCH_PATHS = "$(inherited) @executable_path/Frameworks @loader_path/Frameworks";
				PRODUCT_BUNDLE_IDENTIFIER = com.PushTest.ZhangleiIOSProjectUITests;
				PRODUCT_NAME = "$(TARGET_NAME)";
				TEST_TARGET_NAME = ZhangleiIOSProject;
			};
			name = Release;
		};
/* End XCBuildConfiguration section */

/* Begin XCConfigurationList section */
		921B4E7E1D58848E001C6466 /* Build configuration list for PBXProject "ZhangleiIOSProject" */ = {
			isa = XCConfigurationList;
			buildConfigurations = (
				921B4EAE1D58848F001C6466 /* Debug */,
				921B4EAF1D58848F001C6466 /* Release */,
			);
			defaultConfigurationIsVisible = 0;
			defaultConfigurationName = Release;
		};
		921B4EB01D58848F001C6466 /* Build configuration list for PBXNativeTarget "ZhangleiIOSProject" */ = {
			isa = XCConfigurationList;
			buildConfigurations = (
				921B4EB11D58848F001C6466 /* Debug */,
				921B4EB21D58848F001C6466 /* Release */,
			);
			defaultConfigurationIsVisible = 0;
			defaultConfigurationName = Release;
		};
		921B4EB31D58848F001C6466 /* Build configuration list for PBXNativeTarget "ZhangleiIOSProjectTests" */ = {
			isa = XCConfigurationList;
			buildConfigurations = (
				921B4EB41D58848F001C6466 /* Debug */,
				921B4EB51D58848F001C6466 /* Release */,
			);
			defaultConfigurationIsVisible = 0;
			defaultConfigurationName = Release;
		};
		921B4EB61D58848F001C6466 /* Build configuration list for PBXNativeTarget "ZhangleiIOSProjectUITests" */ = {
			isa = XCConfigurationList;
			buildConfigurations = (
				921B4EB71D58848F001C6466 /* Debug */,
				921B4EB81D58848F001C6466 /* Release */,
			);
			defaultConfigurationIsVisible = 0;
			defaultConfigurationName = Release;
		};
/* End XCConfigurationList section */
	};
	rootObject = 921B4E7B1D58848E001C6466 /* Project object */;
}
